
Microsoft Visual Studio Solution File, Format Version 12.00
# Visual Studio Version 17
VisualStudioVersion = 17.0.32014.148
MinimumVisualStudioVersion = 10.0.40219.1
Project("{FAE04EC0-301F-11D3-BF4B-00C04F79EFBC}") = "AdditionQuiz", "AdditionQuiz\AdditionQuiz.csproj", "{A8EDBE69-F4EE-4584-BC9F-76C72199ACC6}"
EndProject
Global
	GlobalSection(SolutionConfigurationPlatforms) = preSolution
		Debug|Any CPU = Debug|Any CPU
		Release|Any CPU = Release|Any CPU
	EndGlobalSection
	GlobalSection(ProjectConfigurationPlatforms) = postSolution
		{A8EDBE69-F4EE-4584-BC9F-76C72199ACC6}.Debug|Any CPU.ActiveCfg = Debug|Any CPU
		{A8EDBE69-F4EE-4584-BC9F-76C72199ACC6}.Debug|Any CPU.Build.0 = Debug|Any CPU
		{A8EDBE69-F4EE-4584-BC9F-76C72199ACC6}.Release|Any CPU.ActiveCfg = Release|Any CPU
		{A8EDBE69-F4EE-4584-BC9F-76C72199ACC6}.Release|Any CPU.Build.0 = Release|Any CPU
	EndGlobalSection
	GlobalSection(SolutionProperties) = preSolution
		HideSolutionNode = FALSE
	EndGlobalSection
	GlobalSection(ExtensibilityGlobals) = postSolution
		SolutionGuid = {BB9B3C9D-5E39-4FC8-B8E3-91365FA448A6}
	EndGlobalSection
EndGlobal
