
Microsoft Visual Studio Solution File, Format Version 12.00
# Visual Studio Version 17
VisualStudioVersion = 17.0.32014.148
MinimumVisualStudioVersion = 10.0.40219.1
Project("{FAE04EC0-301F-11D3-BF4B-00C04F79EFBC}") = "Simple Method Call", "Simple Method Call\Simple Method Call.csproj", "{405E1717-1F47-4EC6-BEB9-F13A2EDAC888}"
EndProject
Global
	GlobalSection(SolutionConfigurationPlatforms) = preSolution
		Debug|Any CPU = Debug|Any CPU
		Release|Any CPU = Release|Any CPU
	EndGlobalSection
	GlobalSection(ProjectConfigurationPlatforms) = postSolution
		{405E1717-1F47-4EC6-BEB9-F13A2EDAC888}.Debug|Any CPU.ActiveCfg = Debug|Any CPU
		{405E1717-1F47-4EC6-BEB9-F13A2EDAC888}.Debug|Any CPU.Build.0 = Debug|Any CPU
		{405E1717-1F47-4EC6-BEB9-F13A2EDAC888}.Release|Any CPU.ActiveCfg = Release|Any CPU
		{405E1717-1F47-4EC6-BEB9-F13A2EDAC888}.Release|Any CPU.Build.0 = Release|Any CPU
	EndGlobalSection
	GlobalSection(SolutionProperties) = preSolution
		HideSolutionNode = FALSE
	EndGlobalSection
	GlobalSection(ExtensibilityGlobals) = postSolution
		SolutionGuid = {9FA8E67D-F3B2-4F04-9E59-755038F5B64B}
	EndGlobalSection
EndGlobal
