
Microsoft Visual Studio Solution File, Format Version 12.00
# Visual Studio Version 17
VisualStudioVersion = 17.0.32014.148
MinimumVisualStudioVersion = 10.0.40219.1
Project("{FAE04EC0-301F-11D3-BF4B-00C04F79EFBC}") = "Problem 1", "Problem 1\Problem 1.csproj", "{DD2B7414-6C0C-4017-831F-4880ED12673B}"
EndProject
Global
	GlobalSection(SolutionConfigurationPlatforms) = preSolution
		Debug|Any CPU = Debug|Any CPU
		Release|Any CPU = Release|Any CPU
	EndGlobalSection
	GlobalSection(ProjectConfigurationPlatforms) = postSolution
		{DD2B7414-6C0C-4017-831F-4880ED12673B}.Debug|Any CPU.ActiveCfg = Debug|Any CPU
		{DD2B7414-6C0C-4017-831F-4880ED12673B}.Debug|Any CPU.Build.0 = Debug|Any CPU
		{DD2B7414-6C0C-4017-831F-4880ED12673B}.Release|Any CPU.ActiveCfg = Release|Any CPU
		{DD2B7414-6C0C-4017-831F-4880ED12673B}.Release|Any CPU.Build.0 = Release|Any CPU
	EndGlobalSection
	GlobalSection(SolutionProperties) = preSolution
		HideSolutionNode = FALSE
	EndGlobalSection
	GlobalSection(ExtensibilityGlobals) = postSolution
		SolutionGuid = {4A1584F4-6D4D-45E8-8832-255A81855C3B}
	EndGlobalSection
EndGlobal
