
Microsoft Visual Studio Solution File, Format Version 12.00
# Visual Studio Version 17
VisualStudioVersion = 17.1.32210.238
MinimumVisualStudioVersion = 10.0.40219.1
Project("{FAE04EC0-301F-11D3-BF4B-00C04F79EFBC}") = "(Objects_Class) Retail Item Class", "(Objects_Class) Retail Item Class\(Objects_Class) Retail Item Class.csproj", "{5352CA3D-6B05-4754-A442-298D490B47F3}"
EndProject
Global
	GlobalSection(SolutionConfigurationPlatforms) = preSolution
		Debug|Any CPU = Debug|Any CPU
		Release|Any CPU = Release|Any CPU
	EndGlobalSection
	GlobalSection(ProjectConfigurationPlatforms) = postSolution
		{5352CA3D-6B05-4754-A442-298D490B47F3}.Debug|Any CPU.ActiveCfg = Debug|Any CPU
		{5352CA3D-6B05-4754-A442-298D490B47F3}.Debug|Any CPU.Build.0 = Debug|Any CPU
		{5352CA3D-6B05-4754-A442-298D490B47F3}.Release|Any CPU.ActiveCfg = Release|Any CPU
		{5352CA3D-6B05-4754-A442-298D490B47F3}.Release|Any CPU.Build.0 = Release|Any CPU
	EndGlobalSection
	GlobalSection(SolutionProperties) = preSolution
		HideSolutionNode = FALSE
	EndGlobalSection
	GlobalSection(ExtensibilityGlobals) = postSolution
		SolutionGuid = {F25C75D1-2F79-4238-A2E7-8E92433B1F27}
	EndGlobalSection
EndGlobal
