
Microsoft Visual Studio Solution File, Format Version 12.00
# Visual Studio Version 17
VisualStudioVersion = 17.0.32014.148
MinimumVisualStudioVersion = 10.0.40219.1
Project("{FAE04EC0-301F-11D3-BF4B-00C04F79EFBC}") = "Problem 1", "Problem 1\Problem 1.csproj", "{880DCBD9-EB16-451A-99F6-868317D3A16C}"
EndProject
Project("{FAE04EC0-301F-11D3-BF4B-00C04F79EFBC}") = "Problem 2", "Problem 2\Problem 2.csproj", "{44F0637E-EA55-4100-8E4A-C91C22A3DD76}"
EndProject
Project("{FAE04EC0-301F-11D3-BF4B-00C04F79EFBC}") = "Problem 3", "Problem 3\Problem 3.csproj", "{9B583674-A80D-479B-B14A-DBC8D5C5B326}"
EndProject
Global
	GlobalSection(SolutionConfigurationPlatforms) = preSolution
		Debug|Any CPU = Debug|Any CPU
		Release|Any CPU = Release|Any CPU
	EndGlobalSection
	GlobalSection(ProjectConfigurationPlatforms) = postSolution
		{880DCBD9-EB16-451A-99F6-868317D3A16C}.Debug|Any CPU.ActiveCfg = Debug|Any CPU
		{880DCBD9-EB16-451A-99F6-868317D3A16C}.Debug|Any CPU.Build.0 = Debug|Any CPU
		{880DCBD9-EB16-451A-99F6-868317D3A16C}.Release|Any CPU.ActiveCfg = Release|Any CPU
		{880DCBD9-EB16-451A-99F6-868317D3A16C}.Release|Any CPU.Build.0 = Release|Any CPU
		{44F0637E-EA55-4100-8E4A-C91C22A3DD76}.Debug|Any CPU.ActiveCfg = Debug|Any CPU
		{44F0637E-EA55-4100-8E4A-C91C22A3DD76}.Debug|Any CPU.Build.0 = Debug|Any CPU
		{44F0637E-EA55-4100-8E4A-C91C22A3DD76}.Release|Any CPU.ActiveCfg = Release|Any CPU
		{44F0637E-EA55-4100-8E4A-C91C22A3DD76}.Release|Any CPU.Build.0 = Release|Any CPU
		{9B583674-A80D-479B-B14A-DBC8D5C5B326}.Debug|Any CPU.ActiveCfg = Debug|Any CPU
		{9B583674-A80D-479B-B14A-DBC8D5C5B326}.Debug|Any CPU.Build.0 = Debug|Any CPU
		{9B583674-A80D-479B-B14A-DBC8D5C5B326}.Release|Any CPU.ActiveCfg = Release|Any CPU
		{9B583674-A80D-479B-B14A-DBC8D5C5B326}.Release|Any CPU.Build.0 = Release|Any CPU
	EndGlobalSection
	GlobalSection(SolutionProperties) = preSolution
		HideSolutionNode = FALSE
	EndGlobalSection
	GlobalSection(ExtensibilityGlobals) = postSolution
		SolutionGuid = {6E4FEC9C-CB88-408B-9DD2-63AE6E3C5D7F}
	EndGlobalSection
EndGlobal
