
Microsoft Visual Studio Solution File, Format Version 12.00
# Visual Studio Version 17
VisualStudioVersion = 17.0.32014.148
MinimumVisualStudioVersion = 10.0.40219.1
Project("{FAE04EC0-301F-11D3-BF4B-00C04F79EFBC}") = "ChineseZodiac", "ChineseZodiac\ChineseZodiac.csproj", "{BA576D8B-4BED-4832-9F6E-ECEEE0EDE3AB}"
EndProject
Global
	GlobalSection(SolutionConfigurationPlatforms) = preSolution
		Debug|Any CPU = Debug|Any CPU
		Release|Any CPU = Release|Any CPU
	EndGlobalSection
	GlobalSection(ProjectConfigurationPlatforms) = postSolution
		{BA576D8B-4BED-4832-9F6E-ECEEE0EDE3AB}.Debug|Any CPU.ActiveCfg = Debug|Any CPU
		{BA576D8B-4BED-4832-9F6E-ECEEE0EDE3AB}.Debug|Any CPU.Build.0 = Debug|Any CPU
		{BA576D8B-4BED-4832-9F6E-ECEEE0EDE3AB}.Release|Any CPU.ActiveCfg = Release|Any CPU
		{BA576D8B-4BED-4832-9F6E-ECEEE0EDE3AB}.Release|Any CPU.Build.0 = Release|Any CPU
	EndGlobalSection
	GlobalSection(SolutionProperties) = preSolution
		HideSolutionNode = FALSE
	EndGlobalSection
	GlobalSection(ExtensibilityGlobals) = postSolution
		SolutionGuid = {FEFF8A5F-7E68-446D-AB5D-919EDC0FC9CF}
	EndGlobalSection
EndGlobal
