
Microsoft Visual Studio Solution File, Format Version 12.00
# Visual Studio Version 17
VisualStudioVersion = 17.1.32210.238
MinimumVisualStudioVersion = 10.0.40219.1
Project("{FAE04EC0-301F-11D3-BF4B-00C04F79EFBC}") = "(Objects_Class) CircleOOP1", "(Objects_Class) CircleOOP1\(Objects_Class) CircleOOP1.csproj", "{F97B1ADE-4AC3-4784-A315-C9F4F56C107D}"
EndProject
Project("{FAE04EC0-301F-11D3-BF4B-00C04F79EFBC}") = "CircleTestProject", "CircleTestProject\CircleTestProject.csproj", "{84BE23F3-0CA5-45CC-878A-BC1F524E1A00}"
EndProject
Global
	GlobalSection(SolutionConfigurationPlatforms) = preSolution
		Debug|Any CPU = Debug|Any CPU
		Release|Any CPU = Release|Any CPU
	EndGlobalSection
	GlobalSection(ProjectConfigurationPlatforms) = postSolution
		{F97B1ADE-4AC3-4784-A315-C9F4F56C107D}.Debug|Any CPU.ActiveCfg = Debug|Any CPU
		{F97B1ADE-4AC3-4784-A315-C9F4F56C107D}.Debug|Any CPU.Build.0 = Debug|Any CPU
		{F97B1ADE-4AC3-4784-A315-C9F4F56C107D}.Release|Any CPU.ActiveCfg = Release|Any CPU
		{F97B1ADE-4AC3-4784-A315-C9F4F56C107D}.Release|Any CPU.Build.0 = Release|Any CPU
		{84BE23F3-0CA5-45CC-878A-BC1F524E1A00}.Debug|Any CPU.ActiveCfg = Debug|Any CPU
		{84BE23F3-0CA5-45CC-878A-BC1F524E1A00}.Debug|Any CPU.Build.0 = Debug|Any CPU
		{84BE23F3-0CA5-45CC-878A-BC1F524E1A00}.Release|Any CPU.ActiveCfg = Release|Any CPU
		{84BE23F3-0CA5-45CC-878A-BC1F524E1A00}.Release|Any CPU.Build.0 = Release|Any CPU
	EndGlobalSection
	GlobalSection(SolutionProperties) = preSolution
		HideSolutionNode = FALSE
	EndGlobalSection
	GlobalSection(ExtensibilityGlobals) = postSolution
		SolutionGuid = {60A7E63D-BBBB-4275-85E8-F6CB9B7B3629}
	EndGlobalSection
EndGlobal
