
Microsoft Visual Studio Solution File, Format Version 12.00
# Visual Studio Version 17
VisualStudioVersion = 17.0.32014.148
MinimumVisualStudioVersion = 10.0.40219.1
Project("{FAE04EC0-301F-11D3-BF4B-00C04F79EFBC}") = "GuessNumberVER2", "GuessNumberVER2\GuessNumberVER2.csproj", "{5F834DE5-E109-43E4-8BA3-C09F34F0AC64}"
EndProject
Global
	GlobalSection(SolutionConfigurationPlatforms) = preSolution
		Debug|Any CPU = Debug|Any CPU
		Release|Any CPU = Release|Any CPU
	EndGlobalSection
	GlobalSection(ProjectConfigurationPlatforms) = postSolution
		{5F834DE5-E109-43E4-8BA3-C09F34F0AC64}.Debug|Any CPU.ActiveCfg = Debug|Any CPU
		{5F834DE5-E109-43E4-8BA3-C09F34F0AC64}.Debug|Any CPU.Build.0 = Debug|Any CPU
		{5F834DE5-E109-43E4-8BA3-C09F34F0AC64}.Release|Any CPU.ActiveCfg = Release|Any CPU
		{5F834DE5-E109-43E4-8BA3-C09F34F0AC64}.Release|Any CPU.Build.0 = Release|Any CPU
	EndGlobalSection
	GlobalSection(SolutionProperties) = preSolution
		HideSolutionNode = FALSE
	EndGlobalSection
	GlobalSection(ExtensibilityGlobals) = postSolution
		SolutionGuid = {D871A244-BD41-4B7F-81B0-6187FA719E78}
	EndGlobalSection
EndGlobal
