
Microsoft Visual Studio Solution File, Format Version 12.00
# Visual Studio Version 17
VisualStudioVersion = 17.0.32014.148
MinimumVisualStudioVersion = 10.0.40219.1
Project("{FAE04EC0-301F-11D3-BF4B-00C04F79EFBC}") = "Value Return (Method)", "Value Return (Method)\Value Return (Method).csproj", "{3D69633E-FD70-4912-B4F8-A52C3B550D7A}"
EndProject
Global
	GlobalSection(SolutionConfigurationPlatforms) = preSolution
		Debug|Any CPU = Debug|Any CPU
		Release|Any CPU = Release|Any CPU
	EndGlobalSection
	GlobalSection(ProjectConfigurationPlatforms) = postSolution
		{3D69633E-FD70-4912-B4F8-A52C3B550D7A}.Debug|Any CPU.ActiveCfg = Debug|Any CPU
		{3D69633E-FD70-4912-B4F8-A52C3B550D7A}.Debug|Any CPU.Build.0 = Debug|Any CPU
		{3D69633E-FD70-4912-B4F8-A52C3B550D7A}.Release|Any CPU.ActiveCfg = Release|Any CPU
		{3D69633E-FD70-4912-B4F8-A52C3B550D7A}.Release|Any CPU.Build.0 = Release|Any CPU
	EndGlobalSection
	GlobalSection(SolutionProperties) = preSolution
		HideSolutionNode = FALSE
	EndGlobalSection
	GlobalSection(ExtensibilityGlobals) = postSolution
		SolutionGuid = {6701233E-AA55-43F5-A866-F753AD98451B}
	EndGlobalSection
EndGlobal
